{
  "name": "chess-console-stockfish",
  "version": "3.0.0",
  "lockfileVersion": 2,
  "requires": true,
  "packages": {
    "": {
      "name": "chess-console-stockfish",
      "version": "3.0.0",
      "hasInstallScript": true,
      "license": "MIT",
      "dependencies": {
        "@fortawesome/fontawesome-free": "^6.1.2",
        "bootstrap": "^5.2.0",
        "chess-console": "^5.0.1",
        "cm-engine-runner": "^1.1.0",
        "cm-web-modules": "^1.18.3",
        "modrator": "^1.2.1"
      }
    },
    "node_modules/@fortawesome/fontawesome-free": {
      "version": "6.1.2",
      "resolved": "https://npm.fontawesome.com/@fortawesome/fontawesome-free/-/6.1.2/fontawesome-free-6.1.2.tgz",
      "integrity": "sha512-XwWADtfdSN73/udaFm+1mnGIj/ShDZNFMe/PRoqv3FhQ4GNI2PUN70yFTPsjq65Lw2C9i4TG5/hTbxXIXVCiqQ==",
      "engines": {
        "node": ">=6"
      }
    },
    "node_modules/@popperjs/core": {
      "version": "2.11.5",
      "resolved": "https://registry.npmjs.org/@popperjs/core/-/core-2.11.5.tgz",
      "integrity": "sha512-9X2obfABZuDVLCgPK9aX0a/x4jaOEweTTWE2+9sr0Qqqevj2Uv5XorvusThmc9XGYpS9yI+fhh8RTafBtGposw==",
      "peer": true,
      "funding": {
        "type": "opencollective",
        "url": "https://opencollective.com/popperjs"
      }
    },
    "node_modules/bootstrap": {
      "version": "5.2.0",
      "resolved": "https://registry.npmjs.org/bootstrap/-/bootstrap-5.2.0.tgz",
      "integrity": "sha512-qlnS9GL6YZE6Wnef46GxGv1UpGGzAwO0aPL1yOjzDIJpeApeMvqV24iL+pjr2kU4dduoBA9fINKWKgMToobx9A==",
      "funding": [
        {
          "type": "github",
          "url": "https://github.com/sponsors/twbs"
        },
        {
          "type": "opencollective",
          "url": "https://opencollective.com/bootstrap"
        }
      ],
      "peerDependencies": {
        "@popperjs/core": "^2.11.5"
      }
    },
    "node_modules/bootstrap-show-modal": {
      "version": "5.0.1",
      "resolved": "https://registry.npmjs.org/bootstrap-show-modal/-/bootstrap-show-modal-5.0.1.tgz",
      "integrity": "sha512-sBLOw/yIk7gL7b5kwusTz39omGhyGZMpmXh7J1lehHJ7M+UGVzAScrT2XS0g1acYvRRhH8Dbjuye0RwS1+9lYg=="
    },
    "node_modules/chess-console": {
      "version": "5.0.1",
      "resolved": "https://registry.npmjs.org/chess-console/-/chess-console-5.0.1.tgz",
      "integrity": "sha512-sScMnwfOj2W16uxTmHKqoF5R9KgJUc1YXi1QTzaAeJZ3cuqR3NB3WVzywsPo+zDLJiyeCFixb/Ad7UvTbPHWEA==",
      "hasInstallScript": true,
      "dependencies": {
        "bootstrap": "^5.2.0",
        "bootstrap-show-modal": "^5.0.1",
        "chess.mjs": "^1.2.0",
        "cm-chess": "^2.3.4",
        "cm-chessboard": "^4.5.7",
        "cm-pgn": "^2.1.9",
        "cm-web-modules": "^1.18.3",
        "modlib": "^1.2.2"
      }
    },
    "node_modules/chess.mjs": {
      "version": "1.2.0",
      "resolved": "https://registry.npmjs.org/chess.mjs/-/chess.mjs-1.2.0.tgz",
      "integrity": "sha512-6WLXJ0RHJSn/VjCVAOE6N8mTNXChjrN+xOTOKnpF+v94eCULyRd5KfRNLvxxmxKKxCkck9VsquPirLT0nxH4og=="
    },
    "node_modules/cm-chess": {
      "version": "2.3.4",
      "resolved": "https://registry.npmjs.org/cm-chess/-/cm-chess-2.3.4.tgz",
      "integrity": "sha512-IfmNzueErZBMwBTsypm6lptm0wJEatx0/7pcmktfzBBl3NffDIzg5Kglg5vmnNk9DNSnlujw3Dh02DWAEVl00A==",
      "hasInstallScript": true,
      "dependencies": {
        "chess.mjs": "^1.2.0",
        "cm-pgn": "^2.1.9",
        "modrator": "^1.2.1"
      }
    },
    "node_modules/cm-chessboard": {
      "version": "4.5.8",
      "resolved": "https://registry.npmjs.org/cm-chessboard/-/cm-chessboard-4.5.8.tgz",
      "integrity": "sha512-hYKZ3VSpAbfBh0YUlnKysXXOYecZswIIVuYp0mQgdkFU46IQr3nudPyz9Xc6+yN164dZhoYJv6csLskuK+YaLQ=="
    },
    "node_modules/cm-engine-runner": {
      "version": "1.1.0",
      "resolved": "https://registry.npmjs.org/cm-engine-runner/-/cm-engine-runner-1.1.0.tgz",
      "integrity": "sha512-jsGqFC5z8G7fZ97C1GoO6LOrEQueFK8Zuv1icPZ6GqSNhdu8K4ioV3Sy6rP7rjCau/fD0LUuhQ+p8CRiRencBg==",
      "hasInstallScript": true,
      "dependencies": {
        "cm-polyglot": "^1.0.6",
        "modrator": "^1.2.1"
      }
    },
    "node_modules/cm-pgn": {
      "version": "2.1.9",
      "resolved": "https://registry.npmjs.org/cm-pgn/-/cm-pgn-2.1.9.tgz",
      "integrity": "sha512-rB7AF6c9hLPm4pdalmXdmrNY4Q7dd7V9wQd8H4afDOE72bYGauD26VUU7/7RiSm+Tq0yAyA4bvWpf7sFF3/7cA==",
      "hasInstallScript": true,
      "dependencies": {
        "chess.mjs": "^1.2.0",
        "modrator": "^1.2.0"
      }
    },
    "node_modules/cm-polyglot": {
      "version": "1.0.6",
      "resolved": "https://registry.npmjs.org/cm-polyglot/-/cm-polyglot-1.0.6.tgz",
      "integrity": "sha512-b8m5fvjee4SP8U9YxeeeDwxhIAYXWN4nBQq+TOnJGfhTokNh5JW2pM1EEpH3QCnt4+KefuSM68eXzihyxRbloA=="
    },
    "node_modules/cm-web-modules": {
      "version": "1.18.3",
      "resolved": "https://registry.npmjs.org/cm-web-modules/-/cm-web-modules-1.18.3.tgz",
      "integrity": "sha512-Y4QYKvxGWPmZqLOq1P7Qj2rDdkanE/m8PIHhFibfl9Motcz2UvgsPhGlJYklTKRLoCi1Eoq1K6W66XhmnGn4RA=="
    },
    "node_modules/modlib": {
      "version": "1.2.2",
      "resolved": "https://registry.npmjs.org/modlib/-/modlib-1.2.2.tgz",
      "integrity": "sha512-glem+uzK74SewYyGalWlECulhNBX5aRRWEvCdHnjTjGa4neVp5eQxWIiUDJ5GGO59g2KdPqpdOfv+1nADt4tCg=="
    },
    "node_modules/modrator": {
      "version": "1.2.1",
      "resolved": "https://registry.npmjs.org/modrator/-/modrator-1.2.1.tgz",
      "integrity": "sha512-c9Fmc6jYd0oD7xVmVQW3z/K26t/PY3nmaSjYJ4K3l+4o5dzfm0IfDqsCz7evEex70wbz/oj5AINYLI6ufFpFWQ=="
    }
  },
  "dependencies": {
    "@fortawesome/fontawesome-free": {
      "version": "6.1.2",
      "resolved": "https://npm.fontawesome.com/@fortawesome/fontawesome-free/-/6.1.2/fontawesome-free-6.1.2.tgz",
      "integrity": "sha512-XwWADtfdSN73/udaFm+1mnGIj/ShDZNFMe/PRoqv3FhQ4GNI2PUN70yFTPsjq65Lw2C9i4TG5/hTbxXIXVCiqQ=="
    },
    "@popperjs/core": {
      "version": "2.11.5",
      "resolved": "https://registry.npmjs.org/@popperjs/core/-/core-2.11.5.tgz",
      "integrity": "sha512-9X2obfABZuDVLCgPK9aX0a/x4jaOEweTTWE2+9sr0Qqqevj2Uv5XorvusThmc9XGYpS9yI+fhh8RTafBtGposw==",
      "peer": true
    },
    "bootstrap": {
      "version": "5.2.0",
      "resolved": "https://registry.npmjs.org/bootstrap/-/bootstrap-5.2.0.tgz",
      "integrity": "sha512-qlnS9GL6YZE6Wnef46GxGv1UpGGzAwO0aPL1yOjzDIJpeApeMvqV24iL+pjr2kU4dduoBA9fINKWKgMToobx9A==",
      "requires": {}
    },
    "bootstrap-show-modal": {
      "version": "5.0.1",
      "resolved": "https://registry.npmjs.org/bootstrap-show-modal/-/bootstrap-show-modal-5.0.1.tgz",
      "integrity": "sha512-sBLOw/yIk7gL7b5kwusTz39omGhyGZMpmXh7J1lehHJ7M+UGVzAScrT2XS0g1acYvRRhH8Dbjuye0RwS1+9lYg=="
    },
    "chess-console": {
      "version": "5.0.1",
      "resolved": "https://registry.npmjs.org/chess-console/-/chess-console-5.0.1.tgz",
      "integrity": "sha512-sScMnwfOj2W16uxTmHKqoF5R9KgJUc1YXi1QTzaAeJZ3cuqR3NB3WVzywsPo+zDLJiyeCFixb/Ad7UvTbPHWEA==",
      "requires": {
        "bootstrap": "^5.2.0",
        "bootstrap-show-modal": "^5.0.1",
        "chess.mjs": "^1.2.0",
        "cm-chess": "^2.3.4",
        "cm-chessboard": "^4.5.7",
        "cm-pgn": "^2.1.9",
        "cm-web-modules": "^1.18.3",
        "modlib": "^1.2.2"
      }
    },
    "chess.mjs": {
      "version": "1.2.0",
      "resolved": "https://registry.npmjs.org/chess.mjs/-/chess.mjs-1.2.0.tgz",
      "integrity": "sha512-6WLXJ0RHJSn/VjCVAOE6N8mTNXChjrN+xOTOKnpF+v94eCULyRd5KfRNLvxxmxKKxCkck9VsquPirLT0nxH4og=="
    },
    "cm-chess": {
      "version": "2.3.4",
      "resolved": "https://registry.npmjs.org/cm-chess/-/cm-chess-2.3.4.tgz",
      "integrity": "sha512-IfmNzueErZBMwBTsypm6lptm0wJEatx0/7pcmktfzBBl3NffDIzg5Kglg5vmnNk9DNSnlujw3Dh02DWAEVl00A==",
      "requires": {
        "chess.mjs": "^1.2.0",
        "cm-pgn": "^2.1.9",
        "modrator": "^1.2.1"
      }
    },
    "cm-chessboard": {
      "version": "4.5.8",
      "resolved": "https://registry.npmjs.org/cm-chessboard/-/cm-chessboard-4.5.8.tgz",
      "integrity": "sha512-hYKZ3VSpAbfBh0YUlnKysXXOYecZswIIVuYp0mQgdkFU46IQr3nudPyz9Xc6+yN164dZhoYJv6csLskuK+YaLQ=="
    },
    "cm-engine-runner": {
      "version": "1.1.0",
      "resolved": "https://registry.npmjs.org/cm-engine-runner/-/cm-engine-runner-1.1.0.tgz",
      "integrity": "sha512-jsGqFC5z8G7fZ97C1GoO6LOrEQueFK8Zuv1icPZ6GqSNhdu8K4ioV3Sy6rP7rjCau/fD0LUuhQ+p8CRiRencBg==",
      "requires": {
        "cm-polyglot": "^1.0.6",
        "modrator": "^1.2.1"
      }
    },
    "cm-pgn": {
      "version": "2.1.9",
      "resolved": "https://registry.npmjs.org/cm-pgn/-/cm-pgn-2.1.9.tgz",
      "integrity": "sha512-rB7AF6c9hLPm4pdalmXdmrNY4Q7dd7V9wQd8H4afDOE72bYGauD26VUU7/7RiSm+Tq0yAyA4bvWpf7sFF3/7cA==",
      "requires": {
        "chess.mjs": "^1.2.0",
        "modrator": "^1.2.0"
      }
    },
    "cm-polyglot": {
      "version": "1.0.6",
      "resolved": "https://registry.npmjs.org/cm-polyglot/-/cm-polyglot-1.0.6.tgz",
      "integrity": "sha512-b8m5fvjee4SP8U9YxeeeDwxhIAYXWN4nBQq+TOnJGfhTokNh5JW2pM1EEpH3QCnt4+KefuSM68eXzihyxRbloA=="
    },
    "cm-web-modules": {
      "version": "1.18.3",
      "resolved": "https://registry.npmjs.org/cm-web-modules/-/cm-web-modules-1.18.3.tgz",
      "integrity": "sha512-Y4QYKvxGWPmZqLOq1P7Qj2rDdkanE/m8PIHhFibfl9Motcz2UvgsPhGlJYklTKRLoCi1Eoq1K6W66XhmnGn4RA=="
    },
    "modlib": {
      "version": "1.2.2",
      "resolved": "https://registry.npmjs.org/modlib/-/modlib-1.2.2.tgz",
      "integrity": "sha512-glem+uzK74SewYyGalWlECulhNBX5aRRWEvCdHnjTjGa4neVp5eQxWIiUDJ5GGO59g2KdPqpdOfv+1nADt4tCg=="
    },
    "modrator": {
      "version": "1.2.1",
      "resolved": "https://registry.npmjs.org/modrator/-/modrator-1.2.1.tgz",
      "integrity": "sha512-c9Fmc6jYd0oD7xVmVQW3z/K26t/PY3nmaSjYJ4K3l+4o5dzfm0IfDqsCz7evEex70wbz/oj5AINYLI6ufFpFWQ=="
    }
  }
}
