{
  "name": "chess-console-stockfish",
  "version": "6.2.3",
  "lockfileVersion": 2,
  "requires": true,
  "packages": {
    "": {
      "name": "chess-console-stockfish",
      "version": "6.2.3",
      "license": "MIT",
      "dependencies": {
        "@fortawesome/fontawesome-free": "^6.7.2",
        "bootstrap": "^5.3.5",
        "chess-console": "^6.12.4",
        "cm-engine-runner": "^1.2.2",
        "cm-web-modules": "^2.4.4"
      }
    },
    "node_modules/@fortawesome/fontawesome-free": {
      "version": "6.7.2",
      "resolved": "https://npm.fontawesome.com/@fortawesome/fontawesome-free/-/6.7.2/fontawesome-free-6.7.2.tgz",
      "integrity": "sha512-JUOtgFW6k9u4Y+xeIaEiLr3+cjoUPiAuLXoyKOJSia6Duzb7pq+A76P9ZdPDoAoxHdHzq6gE9/jKBGXlZT8FbA==",
      "license": "(CC-BY-4.0 AND OFL-1.1 AND MIT)",
      "engines": {
        "node": ">=6"
      }
    },
    "node_modules/bootstrap": {
      "version": "5.3.5",
      "resolved": "https://registry.npmjs.org/bootstrap/-/bootstrap-5.3.5.tgz",
      "integrity": "sha512-ct1CHKtiobRimyGzmsSldEtM03E8fcEX4Tb3dGXz1V8faRwM50+vfHwTzOxB3IlKO7m+9vTH3s/3C6T2EAPeTA==",
      "funding": [
        {
          "type": "github",
          "url": "https://github.com/sponsors/twbs"
        },
        {
          "type": "opencollective",
          "url": "https://opencollective.com/bootstrap"
        }
      ],
      "license": "MIT",
      "peerDependencies": {
        "@popperjs/core": "^2.11.8"
      }
    },
    "node_modules/bootstrap-show-modal": {
      "version": "6.0.10",
      "resolved": "https://registry.npmjs.org/bootstrap-show-modal/-/bootstrap-show-modal-6.0.10.tgz",
      "integrity": "sha512-pBJcNPE2s0KtcHe+BBlZ3vW4TxFcdw2BCvZhbCMaxEL+x53q43NdSSgZuesqRnY2uUQjRm9p7URacPwM8A+WqQ==",
      "license": "MIT"
    },
    "node_modules/chess-console": {
      "version": "6.12.4",
      "resolved": "https://registry.npmjs.org/chess-console/-/chess-console-6.12.4.tgz",
      "integrity": "sha512-bdmNEJSNjBboNqjPkMDQdx82kLAk1wsNdAwqXYL1JeZRAmLoHZjN6ZFrnT4xqCRGlejp1WjalDtZyHWPWr6aDw==",
      "license": "MIT",
      "dependencies": {
        "bootstrap-show-modal": "^6.0.10",
        "chess.mjs": "^1.4.0",
        "cm-chess": "^3.5.1",
        "cm-chessboard": "^8.7.8",
        "cm-pgn": "^3.3.3",
        "cm-web-modules": "^2.4.4",
        "patch": "^0.0.1"
      }
    },
    "node_modules/chess.mjs": {
      "version": "1.4.0",
      "resolved": "https://registry.npmjs.org/chess.mjs/-/chess.mjs-1.4.0.tgz",
      "integrity": "sha512-TxbpfE4BvRMteIWEy9j1wsR/UwYqGekmZFDcPrKjaqHbmeRwQOv5sribu6PE6nO/69uTxld0nfX7Ra0XA03j4Q==",
      "license": "BSD-2-Clause"
    },
    "node_modules/cm-chess": {
      "version": "3.5.1",
      "resolved": "https://registry.npmjs.org/cm-chess/-/cm-chess-3.5.1.tgz",
      "integrity": "sha512-LuCuU1y0Cp5c6IUgyboC2UzOq09NaRoTDLsxD7sotMZUS+mam5U91fHwvd6TGmDgcSBLQVqMG3ksayfvD9uUNw==",
      "license": "MIT",
      "dependencies": {
        "chess.mjs": "^1.4.0",
        "cm-pgn": "3.3.2"
      }
    },
    "node_modules/cm-chess/node_modules/cm-pgn": {
      "version": "3.3.2",
      "resolved": "https://registry.npmjs.org/cm-pgn/-/cm-pgn-3.3.2.tgz",
      "integrity": "sha512-oTL4cWJy8rmy7jXwoji2dcnLIzB2MfnzRML6INw2j8oSLs/UBqIPNnrXCZo49ZHhrGoqix//yOWwL+x44owznA==",
      "license": "MIT",
      "dependencies": {
        "chess.mjs": "^1.4.0"
      }
    },
    "node_modules/cm-chessboard": {
      "version": "8.7.8",
      "resolved": "https://registry.npmjs.org/cm-chessboard/-/cm-chessboard-8.7.8.tgz",
      "integrity": "sha512-/6S1IHQ8EQu3q48Q/4tudsxeJVB7qgDAaEYQ9MsAyMoxEQaB/V7biRCE2hTvuV0v3eXLS+WxBIOhn5zbI2xgGg==",
      "license": "MIT"
    },
    "node_modules/cm-engine-runner": {
      "version": "1.2.2",
      "resolved": "https://registry.npmjs.org/cm-engine-runner/-/cm-engine-runner-1.2.2.tgz",
      "integrity": "sha512-zLBxcQn/N+S0HbeH/z63VoGlxOEwhs30NCed5OTHBciqsXwjHZtLv9S09REpTDpkgm6wBWOHEfq1cpCgXrtVzw==",
      "dependencies": {
        "cm-polyglot": "^1.1.0"
      }
    },
    "node_modules/cm-pgn": {
      "version": "3.3.3",
      "resolved": "https://registry.npmjs.org/cm-pgn/-/cm-pgn-3.3.3.tgz",
      "integrity": "sha512-6hQgowJyv5rkTEPl9KKRTPWFQHt0pg9KyLffw6XW4SqVxXOUzn9ZHHjn7iajtSYQEVYxBVezWt35i7ep3pgVrw==",
      "license": "MIT",
      "dependencies": {
        "chess.mjs": "^1.4.0"
      }
    },
    "node_modules/cm-polyglot": {
      "version": "1.1.0",
      "resolved": "https://registry.npmjs.org/cm-polyglot/-/cm-polyglot-1.1.0.tgz",
      "integrity": "sha512-yKclnR2WHNgtMViYnxUJzqfR9/iTLfG0PYNVmHNbGiZrYoc7tTrGQHutzgUISFpiQ8ArbqaZKcBzZ2S2CE4/Gg=="
    },
    "node_modules/cm-web-modules": {
      "version": "2.4.4",
      "resolved": "https://registry.npmjs.org/cm-web-modules/-/cm-web-modules-2.4.4.tgz",
      "integrity": "sha512-lbV1GgL4RdsiEiGA87L4GB8R2UNbj0itWx7sj6rWMA3rccF+lZyOGGjjeRPlVN6aJl4QMZUGChuOGSFR3yGcDQ==",
      "license": "MIT"
    },
    "node_modules/patch": {
      "version": "0.0.1",
      "resolved": "https://registry.npmjs.org/patch/-/patch-0.0.1.tgz",
      "integrity": "sha512-+SXEoPuYhe44vUXCGAOjEISqgoo26pcSj65xK3zbKGt87CeUoIZ4cHwIkdloHHxGAEIOzMiYmRbj+t0T9pBPXw==",
      "license": "MIT"
    }
  },
  "dependencies": {
    "@fortawesome/fontawesome-free": {
      "version": "6.7.2",
      "resolved": "https://npm.fontawesome.com/@fortawesome/fontawesome-free/-/6.7.2/fontawesome-free-6.7.2.tgz",
      "integrity": "sha512-JUOtgFW6k9u4Y+xeIaEiLr3+cjoUPiAuLXoyKOJSia6Duzb7pq+A76P9ZdPDoAoxHdHzq6gE9/jKBGXlZT8FbA=="
    },
    "bootstrap": {
      "version": "5.3.5",
      "resolved": "https://registry.npmjs.org/bootstrap/-/bootstrap-5.3.5.tgz",
      "integrity": "sha512-ct1CHKtiobRimyGzmsSldEtM03E8fcEX4Tb3dGXz1V8faRwM50+vfHwTzOxB3IlKO7m+9vTH3s/3C6T2EAPeTA=="
    },
    "bootstrap-show-modal": {
      "version": "6.0.10",
      "resolved": "https://registry.npmjs.org/bootstrap-show-modal/-/bootstrap-show-modal-6.0.10.tgz",
      "integrity": "sha512-pBJcNPE2s0KtcHe+BBlZ3vW4TxFcdw2BCvZhbCMaxEL+x53q43NdSSgZuesqRnY2uUQjRm9p7URacPwM8A+WqQ=="
    },
    "chess-console": {
      "version": "6.12.4",
      "resolved": "https://registry.npmjs.org/chess-console/-/chess-console-6.12.4.tgz",
      "integrity": "sha512-bdmNEJSNjBboNqjPkMDQdx82kLAk1wsNdAwqXYL1JeZRAmLoHZjN6ZFrnT4xqCRGlejp1WjalDtZyHWPWr6aDw==",
      "requires": {
        "bootstrap-show-modal": "^6.0.10",
        "chess.mjs": "^1.4.0",
        "cm-chess": "^3.5.1",
        "cm-chessboard": "^8.7.8",
        "cm-pgn": "^3.3.3",
        "cm-web-modules": "^2.4.4",
        "patch": "^0.0.1"
      }
    },
    "chess.mjs": {
      "version": "1.4.0",
      "resolved": "https://registry.npmjs.org/chess.mjs/-/chess.mjs-1.4.0.tgz",
      "integrity": "sha512-TxbpfE4BvRMteIWEy9j1wsR/UwYqGekmZFDcPrKjaqHbmeRwQOv5sribu6PE6nO/69uTxld0nfX7Ra0XA03j4Q=="
    },
    "cm-chess": {
      "version": "3.5.1",
      "resolved": "https://registry.npmjs.org/cm-chess/-/cm-chess-3.5.1.tgz",
      "integrity": "sha512-LuCuU1y0Cp5c6IUgyboC2UzOq09NaRoTDLsxD7sotMZUS+mam5U91fHwvd6TGmDgcSBLQVqMG3ksayfvD9uUNw==",
      "requires": {
        "chess.mjs": "^1.4.0",
        "cm-pgn": "3.3.2"
      },
      "dependencies": {
        "cm-pgn": {
          "version": "3.3.2",
          "resolved": "https://registry.npmjs.org/cm-pgn/-/cm-pgn-3.3.2.tgz",
          "integrity": "sha512-oTL4cWJy8rmy7jXwoji2dcnLIzB2MfnzRML6INw2j8oSLs/UBqIPNnrXCZo49ZHhrGoqix//yOWwL+x44owznA==",
          "requires": {
            "chess.mjs": "^1.4.0"
          }
        }
      }
    },
    "cm-chessboard": {
      "version": "8.7.8",
      "resolved": "https://registry.npmjs.org/cm-chessboard/-/cm-chessboard-8.7.8.tgz",
      "integrity": "sha512-/6S1IHQ8EQu3q48Q/4tudsxeJVB7qgDAaEYQ9MsAyMoxEQaB/V7biRCE2hTvuV0v3eXLS+WxBIOhn5zbI2xgGg=="
    },
    "cm-engine-runner": {
      "version": "1.2.2",
      "resolved": "https://registry.npmjs.org/cm-engine-runner/-/cm-engine-runner-1.2.2.tgz",
      "integrity": "sha512-zLBxcQn/N+S0HbeH/z63VoGlxOEwhs30NCed5OTHBciqsXwjHZtLv9S09REpTDpkgm6wBWOHEfq1cpCgXrtVzw==",
      "requires": {
        "cm-polyglot": "^1.1.0"
      }
    },
    "cm-pgn": {
      "version": "3.3.3",
      "resolved": "https://registry.npmjs.org/cm-pgn/-/cm-pgn-3.3.3.tgz",
      "integrity": "sha512-6hQgowJyv5rkTEPl9KKRTPWFQHt0pg9KyLffw6XW4SqVxXOUzn9ZHHjn7iajtSYQEVYxBVezWt35i7ep3pgVrw==",
      "requires": {
        "chess.mjs": "^1.4.0"
      }
    },
    "cm-polyglot": {
      "version": "1.1.0",
      "resolved": "https://registry.npmjs.org/cm-polyglot/-/cm-polyglot-1.1.0.tgz",
      "integrity": "sha512-yKclnR2WHNgtMViYnxUJzqfR9/iTLfG0PYNVmHNbGiZrYoc7tTrGQHutzgUISFpiQ8ArbqaZKcBzZ2S2CE4/Gg=="
    },
    "cm-web-modules": {
      "version": "2.4.4",
      "resolved": "https://registry.npmjs.org/cm-web-modules/-/cm-web-modules-2.4.4.tgz",
      "integrity": "sha512-lbV1GgL4RdsiEiGA87L4GB8R2UNbj0itWx7sj6rWMA3rccF+lZyOGGjjeRPlVN6aJl4QMZUGChuOGSFR3yGcDQ=="
    },
    "patch": {
      "version": "0.0.1",
      "resolved": "https://registry.npmjs.org/patch/-/patch-0.0.1.tgz",
      "integrity": "sha512-+SXEoPuYhe44vUXCGAOjEISqgoo26pcSj65xK3zbKGt87CeUoIZ4cHwIkdloHHxGAEIOzMiYmRbj+t0T9pBPXw=="
    }
  }
}
