{
  "name": "chess-console-stockfish",
  "version": "6.1.3",
  "lockfileVersion": 2,
  "requires": true,
  "packages": {
    "": {
      "name": "chess-console-stockfish",
      "version": "6.1.3",
      "hasInstallScript": true,
      "license": "MIT",
      "dependencies": {
        "@fortawesome/fontawesome-free": "^6.4.0",
        "bootstrap": "^5.2.3",
        "chess-console": "^6.5.0",
        "cm-engine-runner": "^1.1.4",
        "cm-web-modules": "^1.19.1",
        "modlib": "^1.2.12"
      }
    },
    "node_modules/@fortawesome/fontawesome-free": {
      "version": "6.4.0",
      "resolved": "https://npm.fontawesome.com/@fortawesome/fontawesome-free/-/6.4.0/fontawesome-free-6.4.0.tgz",
      "integrity": "sha512-0NyytTlPJwB/BF5LtRV8rrABDbe3TdTXqNB3PdZ+UUUZAEIrdOJdmABqKjt4AXwIoJNaRVVZEXxpNrqvE1GAYQ==",
      "engines": {
        "node": ">=6"
      }
    },
    "node_modules/@popperjs/core": {
      "version": "2.11.6",
      "resolved": "https://registry.npmjs.org/@popperjs/core/-/core-2.11.6.tgz",
      "integrity": "sha512-50/17A98tWUfQ176raKiOGXuYpLyyVMkxxG6oylzL3BPOlA6ADGdK7EYunSa4I064xerltq9TGXs8HmOk5E+vw==",
      "peer": true,
      "funding": {
        "type": "opencollective",
        "url": "https://opencollective.com/popperjs"
      }
    },
    "node_modules/bootstrap": {
      "version": "5.2.3",
      "resolved": "https://registry.npmjs.org/bootstrap/-/bootstrap-5.2.3.tgz",
      "integrity": "sha512-cEKPM+fwb3cT8NzQZYEu4HilJ3anCrWqh3CHAok1p9jXqMPsPTBhU25fBckEJHJ/p+tTxTFTsFQGM+gaHpi3QQ==",
      "funding": [
        {
          "type": "github",
          "url": "https://github.com/sponsors/twbs"
        },
        {
          "type": "opencollective",
          "url": "https://opencollective.com/bootstrap"
        }
      ],
      "peerDependencies": {
        "@popperjs/core": "^2.11.6"
      }
    },
    "node_modules/bootstrap-show-modal": {
      "version": "5.0.2",
      "resolved": "https://registry.npmjs.org/bootstrap-show-modal/-/bootstrap-show-modal-5.0.2.tgz",
      "integrity": "sha512-KHvwKcIdAd4uW8boQ/qwoikbB+FDOzZUA2wAsTsJbqYMxOHhjNG6R02o9ttBKJxWxV52ycAPMdz18r00Z/+Umg=="
    },
    "node_modules/chess-console": {
      "version": "6.5.0",
      "resolved": "https://registry.npmjs.org/chess-console/-/chess-console-6.5.0.tgz",
      "integrity": "sha512-DNWd9u/6X+pXbb24fcyDhhdMb8boE8MZINW4fPuoQSx1cF3gHD2z11aWsZ/hi1Kr2mfthb1uYf5bXe8DhtMfWA==",
      "hasInstallScript": true,
      "dependencies": {
        "bootstrap-show-modal": "^5.0.2",
        "chess.mjs": "^1.3.1",
        "cm-chess": "^2.5.0",
        "cm-chessboard": "^7.3.8",
        "cm-pgn": "^2.3.1",
        "cm-web-modules": "^1.19.0",
        "modlib": "^1.2.12"
      }
    },
    "node_modules/chess.mjs": {
      "version": "1.3.1",
      "resolved": "https://registry.npmjs.org/chess.mjs/-/chess.mjs-1.3.1.tgz",
      "integrity": "sha512-ugoGp7q/yuxoXk/1wziADHClbnKC4yEFWDLPDZ/9sNh8M75ClYcO9TnFSsnHC0j5xu8h4xE+gWTzK9UMlzld7Q=="
    },
    "node_modules/cm-chess": {
      "version": "2.5.0",
      "resolved": "https://registry.npmjs.org/cm-chess/-/cm-chess-2.5.0.tgz",
      "integrity": "sha512-/tP3fFCjhQ7ds5CddO6orzGzx2QTkqQ8YFmQV5BoJf2yGumyoTNe0bMaiQ7kphDx3wu5lf1vP3ocTgDOHNKFBw==",
      "hasInstallScript": true,
      "dependencies": {
        "chess.mjs": "^1.3.1",
        "cm-pgn": "2.3.1",
        "modlib": "^1.2.12"
      }
    },
    "node_modules/cm-chessboard": {
      "version": "7.3.11",
      "resolved": "https://registry.npmjs.org/cm-chessboard/-/cm-chessboard-7.3.11.tgz",
      "integrity": "sha512-3OInnScLPg7bk0WKJlwFE0vtVmbhVrg6uxDnIpbjFlmj09r81eG5KgMqCZa2ZXzioOFSSptdz6umji06p8Sv8A=="
    },
    "node_modules/cm-engine-runner": {
      "version": "1.1.4",
      "resolved": "https://registry.npmjs.org/cm-engine-runner/-/cm-engine-runner-1.1.4.tgz",
      "integrity": "sha512-CSMiR1ytqVPnT8KYQY7GLPi/C/5g3+1IJVnK+RV1au5iCrXaMaHFbva1O1c4O7+uI1l3dW8NqSOTKF1QNvUfqA==",
      "hasInstallScript": true,
      "dependencies": {
        "cm-polyglot": "^1.0.7",
        "modlib": "^1.2.12"
      }
    },
    "node_modules/cm-pgn": {
      "version": "2.3.1",
      "resolved": "https://registry.npmjs.org/cm-pgn/-/cm-pgn-2.3.1.tgz",
      "integrity": "sha512-w4qsEpDGNte+TGjd4b+mH61vxrK4eT3+zJfFUAfgV+uLmYuOIAZuS/fRv2uS0f9+gG1RlhkjU/Xl4WTpwDuqnQ==",
      "hasInstallScript": true,
      "dependencies": {
        "chess.mjs": "^1.3.1",
        "modlib": "^1.2.12"
      }
    },
    "node_modules/cm-polyglot": {
      "version": "1.0.7",
      "resolved": "https://registry.npmjs.org/cm-polyglot/-/cm-polyglot-1.0.7.tgz",
      "integrity": "sha512-ZXgRP7eMj/ogdQ0lhe7VWPKU43A/rK3DzYyKuXHbpM7zO7KhyBUN02RMdLlT/mDF2ud18ivLqTQhUIctc274+g=="
    },
    "node_modules/cm-web-modules": {
      "version": "1.19.1",
      "resolved": "https://registry.npmjs.org/cm-web-modules/-/cm-web-modules-1.19.1.tgz",
      "integrity": "sha512-Na/HhXyimOJC5zQM2KeMi+8pKjUmJ32RZG8T6U85H6qvxvc0Aa8tg8vn8DVwHArWTa2WiycAhGjnXl9Dfatcag=="
    },
    "node_modules/modlib": {
      "version": "1.2.12",
      "resolved": "https://registry.npmjs.org/modlib/-/modlib-1.2.12.tgz",
      "integrity": "sha512-ArLiDyJp++PnhYaFI639q5iJYPb2nyd89LR/v+bBarKpv2cyp8ExIeHMJnVLsaWAl4W9vKq2KFkF7b+CZkbcbA=="
    }
  },
  "dependencies": {
    "@fortawesome/fontawesome-free": {
      "version": "6.4.0",
      "resolved": "https://npm.fontawesome.com/@fortawesome/fontawesome-free/-/6.4.0/fontawesome-free-6.4.0.tgz",
      "integrity": "sha512-0NyytTlPJwB/BF5LtRV8rrABDbe3TdTXqNB3PdZ+UUUZAEIrdOJdmABqKjt4AXwIoJNaRVVZEXxpNrqvE1GAYQ=="
    },
    "@popperjs/core": {
      "version": "2.11.6",
      "resolved": "https://registry.npmjs.org/@popperjs/core/-/core-2.11.6.tgz",
      "integrity": "sha512-50/17A98tWUfQ176raKiOGXuYpLyyVMkxxG6oylzL3BPOlA6ADGdK7EYunSa4I064xerltq9TGXs8HmOk5E+vw==",
      "peer": true
    },
    "bootstrap": {
      "version": "5.2.3",
      "resolved": "https://registry.npmjs.org/bootstrap/-/bootstrap-5.2.3.tgz",
      "integrity": "sha512-cEKPM+fwb3cT8NzQZYEu4HilJ3anCrWqh3CHAok1p9jXqMPsPTBhU25fBckEJHJ/p+tTxTFTsFQGM+gaHpi3QQ==",
      "requires": {}
    },
    "bootstrap-show-modal": {
      "version": "5.0.2",
      "resolved": "https://registry.npmjs.org/bootstrap-show-modal/-/bootstrap-show-modal-5.0.2.tgz",
      "integrity": "sha512-KHvwKcIdAd4uW8boQ/qwoikbB+FDOzZUA2wAsTsJbqYMxOHhjNG6R02o9ttBKJxWxV52ycAPMdz18r00Z/+Umg=="
    },
    "chess-console": {
      "version": "6.5.0",
      "resolved": "https://registry.npmjs.org/chess-console/-/chess-console-6.5.0.tgz",
      "integrity": "sha512-DNWd9u/6X+pXbb24fcyDhhdMb8boE8MZINW4fPuoQSx1cF3gHD2z11aWsZ/hi1Kr2mfthb1uYf5bXe8DhtMfWA==",
      "requires": {
        "bootstrap-show-modal": "^5.0.2",
        "chess.mjs": "^1.3.1",
        "cm-chess": "^2.5.0",
        "cm-chessboard": "^7.3.8",
        "cm-pgn": "^2.3.1",
        "cm-web-modules": "^1.19.0",
        "modlib": "^1.2.12"
      }
    },
    "chess.mjs": {
      "version": "1.3.1",
      "resolved": "https://registry.npmjs.org/chess.mjs/-/chess.mjs-1.3.1.tgz",
      "integrity": "sha512-ugoGp7q/yuxoXk/1wziADHClbnKC4yEFWDLPDZ/9sNh8M75ClYcO9TnFSsnHC0j5xu8h4xE+gWTzK9UMlzld7Q=="
    },
    "cm-chess": {
      "version": "2.5.0",
      "resolved": "https://registry.npmjs.org/cm-chess/-/cm-chess-2.5.0.tgz",
      "integrity": "sha512-/tP3fFCjhQ7ds5CddO6orzGzx2QTkqQ8YFmQV5BoJf2yGumyoTNe0bMaiQ7kphDx3wu5lf1vP3ocTgDOHNKFBw==",
      "requires": {
        "chess.mjs": "^1.3.1",
        "cm-pgn": "2.3.1",
        "modlib": "^1.2.12"
      }
    },
    "cm-chessboard": {
      "version": "7.3.11",
      "resolved": "https://registry.npmjs.org/cm-chessboard/-/cm-chessboard-7.3.11.tgz",
      "integrity": "sha512-3OInnScLPg7bk0WKJlwFE0vtVmbhVrg6uxDnIpbjFlmj09r81eG5KgMqCZa2ZXzioOFSSptdz6umji06p8Sv8A=="
    },
    "cm-engine-runner": {
      "version": "1.1.4",
      "resolved": "https://registry.npmjs.org/cm-engine-runner/-/cm-engine-runner-1.1.4.tgz",
      "integrity": "sha512-CSMiR1ytqVPnT8KYQY7GLPi/C/5g3+1IJVnK+RV1au5iCrXaMaHFbva1O1c4O7+uI1l3dW8NqSOTKF1QNvUfqA==",
      "requires": {
        "cm-polyglot": "^1.0.7",
        "modlib": "^1.2.12"
      }
    },
    "cm-pgn": {
      "version": "2.3.1",
      "resolved": "https://registry.npmjs.org/cm-pgn/-/cm-pgn-2.3.1.tgz",
      "integrity": "sha512-w4qsEpDGNte+TGjd4b+mH61vxrK4eT3+zJfFUAfgV+uLmYuOIAZuS/fRv2uS0f9+gG1RlhkjU/Xl4WTpwDuqnQ==",
      "requires": {
        "chess.mjs": "^1.3.1",
        "modlib": "^1.2.12"
      }
    },
    "cm-polyglot": {
      "version": "1.0.7",
      "resolved": "https://registry.npmjs.org/cm-polyglot/-/cm-polyglot-1.0.7.tgz",
      "integrity": "sha512-ZXgRP7eMj/ogdQ0lhe7VWPKU43A/rK3DzYyKuXHbpM7zO7KhyBUN02RMdLlT/mDF2ud18ivLqTQhUIctc274+g=="
    },
    "cm-web-modules": {
      "version": "1.19.1",
      "resolved": "https://registry.npmjs.org/cm-web-modules/-/cm-web-modules-1.19.1.tgz",
      "integrity": "sha512-Na/HhXyimOJC5zQM2KeMi+8pKjUmJ32RZG8T6U85H6qvxvc0Aa8tg8vn8DVwHArWTa2WiycAhGjnXl9Dfatcag=="
    },
    "modlib": {
      "version": "1.2.12",
      "resolved": "https://registry.npmjs.org/modlib/-/modlib-1.2.12.tgz",
      "integrity": "sha512-ArLiDyJp++PnhYaFI639q5iJYPb2nyd89LR/v+bBarKpv2cyp8ExIeHMJnVLsaWAl4W9vKq2KFkF7b+CZkbcbA=="
    }
  }
}
